<?xml version="1.0" encoding="utf-8"?>
<Project ToolsVersion="4.0" xmlns="http://schemas.microsoft.com/developer/msbuild/2003">
  <ItemGroup>
    <Filter Include="Source Files">
      <UniqueIdentifier>{4FC737F1-C7A5-4376-A066-2A32D752A2FF}</UniqueIdentifier>
      <Extensions>cpp;c;cc;cxx;c++;def;odl;idl;hpj;bat;asm;asmx</Extensions>
    </Filter>
    <Filter Include="Header Files">
      <UniqueIdentifier>{93995380-89BD-4b04-88EB-625FBE52EBFB}</UniqueIdentifier>
      <Extensions>h;hh;hpp;hxx;h++;hm;inl;inc;ipp;xsd</Extensions>
    </Filter>
    <Filter Include="Resource Files">
      <UniqueIdentifier>{67DA6AB6-F800-4c08-8B7A-83BB121AAD01}</UniqueIdentifier>
      <Extensions>rc;ico;cur;bmp;dlg;rc2;rct;bin;rgs;gif;jpg;jpeg;jpe;resx;tiff;tif;png;wav;mfcribbon-ms</Extensions>
    </Filter>
    <Filter Include="Zlib">
      <UniqueIdentifier>{0e924688-4a1b-4760-a7ad-af5bba340878}</UniqueIdentifier>
    </Filter>
  </ItemGroup>
  <ItemGroup>
    <ClCompile Include="Main.cpp">
      <Filter>Source Files</Filter>
    </ClCompile>
    <ClCompile Include="Zlib\crc32.c">
      <Filter>Zlib</Filter>
    </ClCompile>
    <ClCompile Include="Zlib\deflate.c">
      <Filter>Zlib</Filter>
    </ClCompile>
    <ClCompile Include="Zlib\gzclose.c">
      <Filter>Zlib</Filter>
    </ClCompile>
    <ClCompile Include="Zlib\gzlib.c">
      <Filter>Zlib</Filter>
    </ClCompile>
    <ClCompile Include="Zlib\gzread.c">
      <Filter>Zlib</Filter>
    </ClCompile>
    <ClCompile Include="Zlib\gzwrite.c">
      <Filter>Zlib</Filter>
    </ClCompile>
    <ClCompile Include="Zlib\infback.c">
      <Filter>Zlib</Filter>
    </ClCompile>
    <ClCompile Include="Zlib\inffast.c">
      <Filter>Zlib</Filter>
    </ClCompile>
    <ClCompile Include="Zlib\inflate.c">
      <Filter>Zlib</Filter>
    </ClCompile>
    <ClCompile Include="Zlib\inftrees.c">
      <Filter>Zlib</Filter>
    </ClCompile>
    <ClCompile Include="Zlib\trees.c">
      <Filter>Zlib</Filter>
    </ClCompile>
    <ClCompile Include="Zlib\uncompr.c">
      <Filter>Zlib</Filter>
    </ClCompile>
    <ClCompile Include="Zlib\zutil.c">
      <Filter>Zlib</Filter>
    </ClCompile>
    <ClCompile Include="Zlib\adler32.c">
      <Filter>Zlib</Filter>
    </ClCompile>
    <ClCompile Include="Zlib\compress.c">
      <Filter>Zlib</Filter>
    </ClCompile>
  </ItemGroup>
  <ItemGroup>
    <ClInclude Include="Zlib\crc32.h">
      <Filter>Zlib</Filter>
    </ClInclude>
    <ClInclude Include="Zlib\deflate.h">
      <Filter>Zlib</Filter>
    </ClInclude>
    <ClInclude Include="Zlib\gzguts.h">
      <Filter>Zlib</Filter>
    </ClInclude>
    <ClInclude Include="Zlib\inffast.h">
      <Filter>Zlib</Filter>
    </ClInclude>
    <ClInclude Include="Zlib\inffixed.h">
      <Filter>Zlib</Filter>
    </ClInclude>
    <ClInclude Include="Zlib\inflate.h">
      <Filter>Zlib</Filter>
    </ClInclude>
    <ClInclude Include="Zlib\inftrees.h">
      <Filter>Zlib</Filter>
    </ClInclude>
    <ClInclude Include="Zlib\trees.h">
      <Filter>Zlib</Filter>
    </ClInclude>
    <ClInclude Include="Zlib\zconf.h">
      <Filter>Zlib</Filter>
    </ClInclude>
    <ClInclude Include="Zlib\zlib.h">
      <Filter>Zlib</Filter>
    </ClInclude>
    <ClInclude Include="Zlib\zutil.h">
      <Filter>Zlib</Filter>
    </ClInclude>
  </ItemGroup>
</Project>